// !$*UTF8*$!
{
	archiveVersion = 1;
	classes = {
	};
	objectVersion = 46;
	objects = {

/* Begin PBXBuildFile section */
		C4B8BD681E424D6700ADA268 /* main.m in Sources */ = {isa = PBXBuildFile; fileRef = C4B8BD671E424D6700ADA268 /* main.m */; };
		C4B8BD6B1E424D6700ADA268 /* AppDelegate.m in Sources */ = {isa = PBXBuildFile; fileRef = C4B8BD6A1E424D6700ADA268 /* AppDelegate.m */; };
		C4B8BD6E1E424D6700ADA268 /* CalendarViewController.m in Sources */ = {isa = PBXBuildFile; fileRef = C4B8BD6D1E424D6700ADA268 /* CalendarViewController.m */; };
		C4B8BD711E424D6700ADA268 /* Main.storyboard in Resources */ = {isa = PBXBuildFile; fileRef = C4B8BD6F1E424D6700ADA268 /* Main.storyboard */; };
		C4B8BD731E424D6700ADA268 /* Assets.xcassets in Resources */ = {isa = PBXBuildFile; fileRef = C4B8BD721E424D6700ADA268 /* Assets.xcassets */; };
		C4B8BD761E424D6700ADA268 /* LaunchScreen.storyboard in Resources */ = {isa = PBXBuildFile; fileRef = C4B8BD741E424D6700ADA268 /* LaunchScreen.storyboard */; };
		C4B8BD851E42662600ADA268 /* DateCollectionViewCell.m in Sources */ = {isa = PBXBuildFile; fileRef = C4B8BD841E42662600ADA268 /* DateCollectionViewCell.m */; };
		C4B8BD881E42741400ADA268 /* EventTableViewCell.m in Sources */ = {isa = PBXBuildFile; fileRef = C4B8BD871E42741400ADA268 /* EventTableViewCell.m */; };
/* End PBXBuildFile section */

/* Begin PBXFileReference section */
		C4B8BD631E424D6700ADA268 /* Calendar.app */ = {isa = PBXFileReference; explicitFileType = wrapper.application; includeInIndex = 0; path = Calendar.app; sourceTree = BUILT_PRODUCTS_DIR; };
		C4B8BD671E424D6700ADA268 /* main.m */ = {isa = PBXFileReference; lastKnownFileType = sourcecode.c.objc; path = main.m; sourceTree = "<group>"; };
		C4B8BD691E424D6700ADA268 /* AppDelegate.h */ = {isa = PBXFileReference; lastKnownFileType = sourcecode.c.h; path = AppDelegate.h; sourceTree = "<group>"; };
		C4B8BD6A1E424D6700ADA268 /* AppDelegate.m */ = {isa = PBXFileReference; lastKnownFileType = sourcecode.c.objc; path = AppDelegate.m; sourceTree = "<group>"; };
		C4B8BD6C1E424D6700ADA268 /* CalendarViewController.h */ = {isa = PBXFileReference; lastKnownFileType = sourcecode.c.h; path = CalendarViewController.h; sourceTree = "<group>"; };
		C4B8BD6D1E424D6700ADA268 /* CalendarViewController.m */ = {isa = PBXFileReference; lastKnownFileType = sourcecode.c.objc; path = CalendarViewController.m; sourceTree = "<group>"; };
		C4B8BD701E424D6700ADA268 /* Base */ = {isa = PBXFileReference; lastKnownFileType = file.storyboard; name = Base; path = Base.lproj/Main.storyboard; sourceTree = "<group>"; };
		C4B8BD721E424D6700ADA268 /* Assets.xcassets */ = {isa = PBXFileReference; lastKnownFileType = folder.assetcatalog; path = Assets.xcassets; sourceTree = "<group>"; };
		C4B8BD751E424D6700ADA268 /* Base */ = {isa = PBXFileReference; lastKnownFileType = file.storyboard; name = Base; path = Base.lproj/LaunchScreen.storyboard; sourceTree = "<group>"; };
		C4B8BD771E424D6700ADA268 /* Info.plist */ = {isa = PBXFileReference; lastKnownFileType = text.plist.xml; path = Info.plist; sourceTree = "<group>"; };
		C4B8BD831E42662600ADA268 /* DateCollectionViewCell.h */ = {isa = PBXFileReference; fileEncoding = 4; lastKnownFileType = sourcecode.c.h; path = DateCollectionViewCell.h; sourceTree = "<group>"; };
		C4B8BD841E42662600ADA268 /* DateCollectionViewCell.m */ = {isa = PBXFileReference; fileEncoding = 4; lastKnownFileType = sourcecode.c.objc; path = DateCollectionViewCell.m; sourceTree = "<group>"; };
		C4B8BD861E42741400ADA268 /* EventTableViewCell.h */ = {isa = PBXFileReference; fileEncoding = 4; lastKnownFileType = sourcecode.c.h; path = EventTableViewCell.h; sourceTree = "<group>"; };
		C4B8BD871E42741400ADA268 /* EventTableViewCell.m */ = {isa = PBXFileReference; fileEncoding = 4; lastKnownFileType = sourcecode.c.objc; path = EventTableViewCell.m; sourceTree = "<group>"; };
/* End PBXFileReference section */

/* Begin PBXFrameworksBuildPhase section */
		C4B8BD601E424D6700ADA268 /* Frameworks */ = {
			isa = PBXFrameworksBuildPhase;
			buildActionMask = 2147483647;
			files = (
			);
			runOnlyForDeploymentPostprocessing = 0;
		};
/* End PBXFrameworksBuildPhase section */

/* Begin PBXGroup section */
		C4B8BD5A1E424D6700ADA268 = {
			isa = PBXGroup;
			children = (
				C4B8BD651E424D6700ADA268 /* Calendar */,
				C4B8BD641E424D6700ADA268 /* Products */,
			);
			sourceTree = "<group>";
		};
		C4B8BD641E424D6700ADA268 /* Products */ = {
			isa = PBXGroup;
			children = (
				C4B8BD631E424D6700ADA268 /* Calendar.app */,
			);
			name = Products;
			sourceTree = "<group>";
		};
		C4B8BD651E424D6700ADA268 /* Calendar */ = {
			isa = PBXGroup;
			children = (
				C4B8BD691E424D6700ADA268 /* AppDelegate.h */,
				C4B8BD6A1E424D6700ADA268 /* AppDelegate.m */,
				C4B8BD6C1E424D6700ADA268 /* CalendarViewController.h */,
				C4B8BD6D1E424D6700ADA268 /* CalendarViewController.m */,
				C4B8BD831E42662600ADA268 /* DateCollectionViewCell.h */,
				C4B8BD841E42662600ADA268 /* DateCollectionViewCell.m */,
				C4B8BD861E42741400ADA268 /* EventTableViewCell.h */,
				C4B8BD871E42741400ADA268 /* EventTableViewCell.m */,
				C4B8BD6F1E424D6700ADA268 /* Main.storyboard */,
				C4B8BD721E424D6700ADA268 /* Assets.xcassets */,
				C4B8BD741E424D6700ADA268 /* LaunchScreen.storyboard */,
				C4B8BD771E424D6700ADA268 /* Info.plist */,
				C4B8BD661E424D6700ADA268 /* Supporting Files */,
			);
			path = Calendar;
			sourceTree = "<group>";
		};
		C4B8BD661E424D6700ADA268 /* Supporting Files */ = {
			isa = PBXGroup;
			children = (
				C4B8BD671E424D6700ADA268 /* main.m */,
			);
			name = "Supporting Files";
			sourceTree = "<group>";
		};
/* End PBXGroup section */

/* Begin PBXNativeTarget section */
		C4B8BD621E424D6700ADA268 /* Calendar */ = {
			isa = PBXNativeTarget;
			buildConfigurationList = C4B8BD7A1E424D6700ADA268 /* Build configuration list for PBXNativeTarget "Calendar" */;
			buildPhases = (
				C4B8BD5F1E424D6700ADA268 /* Sources */,
				C4B8BD601E424D6700ADA268 /* Frameworks */,
				C4B8BD611E424D6700ADA268 /* Resources */,
			);
			buildRules = (
			);
			dependencies = (
			);
			name = Calendar;
			productName = Calendar;
			productReference = C4B8BD631E424D6700ADA268 /* Calendar.app */;
			productType = "com.apple.product-type.application";
		};
/* End PBXNativeTarget section */

/* Begin PBXProject section */
		C4B8BD5B1E424D6700ADA268 /* Project object */ = {
			isa = PBXProject;
			attributes = {
				LastUpgradeCheck = 0820;
				ORGANIZATIONNAME = "Djuro Alfirevic";
				TargetAttributes = {
					C4B8BD621E424D6700ADA268 = {
						CreatedOnToolsVersion = 8.2.1;
						ProvisioningStyle = Automatic;
					};
				};
			};
			buildConfigurationList = C4B8BD5E1E424D6700ADA268 /* Build configuration list for PBXProject "Calendar" */;
			compatibilityVersion = "Xcode 3.2";
			developmentRegion = English;
			hasScannedForEncodings = 0;
			knownRegions = (
				en,
				Base,
			);
			mainGroup = C4B8BD5A1E424D6700ADA268;
			productRefGroup = C4B8BD641E424D6700ADA268 /* Products */;
			projectDirPath = "";
			projectRoot = "";
			targets = (
				C4B8BD621E424D6700ADA268 /* Calendar */,
			);
		};
/* End PBXProject section */

/* Begin PBXResourcesBuildPhase section */
		C4B8BD611E424D6700ADA268 /* Resources */ = {
			isa = PBXResourcesBuildPhase;
			buildActionMask = 2147483647;
			files = (
				C4B8BD761E424D6700ADA268 /* LaunchScreen.storyboard in Resources */,
				C4B8BD731E424D6700ADA268 /* Assets.xcassets in Resources */,
				C4B8BD711E424D6700ADA268 /* Main.storyboard in Resources */,
			);
			runOnlyForDeploymentPostprocessing = 0;
		};
/* End PBXResourcesBuildPhase section */

/* Begin PBXSourcesBuildPhase section */
		C4B8BD5F1E424D6700ADA268 /* Sources */ = {
			isa = PBXSourcesBuildPhase;
			buildActionMask = 2147483647;
			files = (
				C4B8BD851E42662600ADA268 /* DateCollectionViewCell.m in Sources */,
				C4B8BD6E1E424D6700ADA268 /* CalendarViewController.m in Sources */,
				C4B8BD6B1E424D6700ADA268 /* AppDelegate.m in Sources */,
				C4B8BD681E424D6700ADA268 /* main.m in Sources */,
				C4B8BD881E42741400ADA268 /* EventTableViewCell.m in Sources */,
			);
			runOnlyForDeploymentPostprocessing = 0;
		};
/* End PBXSourcesBuildPhase section */

/* Begin PBXVariantGroup section */
		C4B8BD6F1E424D6700ADA268 /* Main.storyboard */ = {
			isa = PBXVariantGroup;
			children = (
				C4B8BD701E424D6700ADA268 /* Base */,
			);
			name = Main.storyboard;
			sourceTree = "<group>";
		};
		C4B8BD741E424D6700ADA268 /* LaunchScreen.storyboard */ = {
			isa = PBXVariantGroup;
			children = (
				C4B8BD751E424D6700ADA268 /* Base */,
			);
			name = LaunchScreen.storyboard;
			sourceTree = "<group>";
		};
/* End PBXVariantGroup section */

/* Begin XCBuildConfiguration section */
		C4B8BD781E424D6700ADA268 /* Debug */ = {
			isa = XCBuildConfiguration;
			buildSettings = {
				ALWAYS_SEARCH_USER_PATHS = NO;
				CLANG_ANALYZER_NONNULL = YES;
				CLANG_CXX_LANGUAGE_STANDARD = "gnu++0x";
				CLANG_CXX_LIBRARY = "libc++";
				CLANG_ENABLE_MODULES = YES;
				CLANG_ENABLE_OBJC_ARC = YES;
				CLANG_WARN_BOOL_CONVERSION = YES;
				CLANG_WARN_CONSTANT_CONVERSION = YES;
				CLANG_WARN_DIRECT_OBJC_ISA_USAGE = YES_ERROR;
				CLANG_WARN_DOCUMENTATION_COMMENTS = YES;
				CLANG_WARN_EMPTY_BODY = YES;
				CLANG_WARN_ENUM_CONVERSION = YES;
				CLANG_WARN_INFINITE_RECURSION = YES;
				CLANG_WARN_INT_CONVERSION = YES;
				CLANG_WARN_OBJC_ROOT_CLASS = YES_ERROR;
				CLANG_WARN_SUSPICIOUS_MOVE = YES;
				CLANG_WARN_UNREACHABLE_CODE = YES;
				CLANG_WARN__DUPLICATE_METHOD_MATCH = YES;
				"CODE_SIGN_IDENTITY[sdk=iphoneos*]" = "iPhone Developer";
				COPY_PHASE_STRIP = NO;
				DEBUG_INFORMATION_FORMAT = dwarf;
				ENABLE_STRICT_OBJC_MSGSEND = YES;
				ENABLE_TESTABILITY = YES;
				GCC_C_LANGUAGE_STANDARD = gnu99;
				GCC_DYNAMIC_NO_PIC = NO;
				GCC_NO_COMMON_BLOCKS = YES;
				GCC_OPTIMIZATION_LEVEL = 0;
				GCC_PREPROCESSOR_DEFINITIONS = (
					"DEBUG=1",
					"$(inherited)",
				);
				GCC_WARN_64_TO_32_BIT_CONVERSION = YES;
				GCC_WARN_ABOUT_RETURN_TYPE = YES_ERROR;
				GCC_WARN_UNDECLARED_SELECTOR = YES;
				GCC_WARN_UNINITIALIZED_AUTOS = YES_AGGRESSIVE;
				GCC_WARN_UNUSED_FUNCTION = YES;
				GCC_WARN_UNUSED_VARIABLE = YES;
				IPHONEOS_DEPLOYMENT_TARGET = 10.2;
				MTL_ENABLE_DEBUG_INFO = YES;
				ONLY_ACTIVE_ARCH = YES;
				SDKROOT = iphoneos;
			};
			name = Debug;
		};
		C4B8BD791E424D6700ADA268 /* Release */ = {
			isa = XCBuildConfiguration;
			buildSettings = {
				ALWAYS_SEARCH_USER_PATHS = NO;
				CLANG_ANALYZER_NONNULL = YES;
				CLANG_CXX_LANGUAGE_STANDARD = "gnu++0x";
				CLANG_CXX_LIBRARY = "libc++";
				CLANG_ENABLE_MODULES = YES;
				CLANG_ENABLE_OBJC_ARC = YES;
				CLANG_WARN_BOOL_CONVERSION = YES;
				CLANG_WARN_CONSTANT_CONVERSION = YES;
				CLANG_WARN_DIRECT_OBJC_ISA_USAGE = YES_ERROR;
				CLANG_WARN_DOCUMENTATION_COMMENTS = YES;
				CLANG_WARN_EMPTY_BODY = YES;
				CLANG_WARN_ENUM_CONVERSION = YES;
				CLANG_WARN_INFINITE_RECURSION = YES;
				CLANG_WARN_INT_CONVERSION = YES;
				CLANG_WARN_OBJC_ROOT_CLASS = YES_ERROR;
				CLANG_WARN_SUSPICIOUS_MOVE = YES;
				CLANG_WARN_UNREACHABLE_CODE = YES;
				CLANG_WARN__DUPLICATE_METHOD_MATCH = YES;
				"CODE_SIGN_IDENTITY[sdk=iphoneos*]" = "iPhone Developer";
				COPY_PHASE_STRIP = NO;
				DEBUG_INFORMATION_FORMAT = "dwarf-with-dsym";
				ENABLE_NS_ASSERTIONS = NO;
				ENABLE_STRICT_OBJC_MSGSEND = YES;
				GCC_C_LANGUAGE_STANDARD = gnu99;
				GCC_NO_COMMON_BLOCKS = YES;
				GCC_WARN_64_TO_32_BIT_CONVERSION = YES;
				GCC_WARN_ABOUT_RETURN_TYPE = YES_ERROR;
				GCC_WARN_UNDECLARED_SELECTOR = YES;
				GCC_WARN_UNINITIALIZED_AUTOS = YES_AGGRESSIVE;
				GCC_WARN_UNUSED_FUNCTION = YES;
				GCC_WARN_UNUSED_VARIABLE = YES;
				IPHONEOS_DEPLOYMENT_TARGET = 10.2;
				MTL_ENABLE_DEBUG_INFO = NO;
				SDKROOT = iphoneos;
				VALIDATE_PRODUCT = YES;
			};
			name = Release;
		};
		C4B8BD7B1E424D6700ADA268 /* Debug */ = {
			isa = XCBuildConfiguration;
			buildSettings = {
				ASSETCATALOG_COMPILER_APPICON_NAME = AppIcon;
				INFOPLIST_FILE = Calendar/Info.plist;
				LD_RUNPATH_SEARCH_PATHS = "$(inherited) @executable_path/Frameworks";
				PRODUCT_BUNDLE_IDENTIFIER = rs.sistemi.Calendar;
				PRODUCT_NAME = "$(TARGET_NAME)";
			};
			name = Debug;
		};
		C4B8BD7C1E424D6700ADA268 /* Release */ = {
			isa = XCBuildConfiguration;
			buildSettings = {
				ASSETCATALOG_COMPILER_APPICON_NAME = AppIcon;
				INFOPLIST_FILE = Calendar/Info.plist;
				LD_RUNPATH_SEARCH_PATHS = "$(inherited) @executable_path/Frameworks";
				PRODUCT_BUNDLE_IDENTIFIER = rs.sistemi.Calendar;
				PRODUCT_NAME = "$(TARGET_NAME)";
			};
			name = Release;
		};
/* End XCBuildConfiguration section */

/* Begin XCConfigurationList section */
		C4B8BD5E1E424D6700ADA268 /* Build configuration list for PBXProject "Calendar" */ = {
			isa = XCConfigurationList;
			buildConfigurations = (
				C4B8BD781E424D6700ADA268 /* Debug */,
				C4B8BD791E424D6700ADA268 /* Release */,
			);
			defaultConfigurationIsVisible = 0;
			defaultConfigurationName = Release;
		};
		C4B8BD7A1E424D6700ADA268 /* Build configuration list for PBXNativeTarget "Calendar" */ = {
			isa = XCConfigurationList;
			buildConfigurations = (
				C4B8BD7B1E424D6700ADA268 /* Debug */,
				C4B8BD7C1E424D6700ADA268 /* Release */,
			);
			defaultConfigurationIsVisible = 0;
		};
/* End XCConfigurationList section */
	};
	rootObject = C4B8BD5B1E424D6700ADA268 /* Project object */;
}
